github.com/bitcoin-sv/spv-wallet-go-client v1.0.0-beta.8 h1:LMPJliYl2znHlmD/9gH3bXnThlR9KS8PgIitgCEe9Fs=
github.com/bitcoin-sv/spv-wallet-go-client v1.0.0-beta.8/go.mod h1:bTHREznlCnG8/SRXZCA4LF7gZmUrD0e8u34FNiTqENU=
github.com/bitcoin-sv/spv-wallet/models v1.0.0-beta.13 h1:rBscs3Gbz0RWY03eI3Z9AwD7/MxajdJF54oy3xMqKRQ=
github.com/bitcoin-sv/spv-wallet/models v1.0.0-beta.13/go.mod h1:i3txysriHpprqYd3u97wEQsC4/jn+KHcyFOmuFYMw8M=
github.com/bitcoinschema/go-bitcoin/v2 v2.0.5 h1:Sgh5Eb746Zck/46rFDrZZEXZWyO53fMuWYhNoZa1tck=
github.com/bitcoinschema/go-bitcoin/v2 v2.0.5/go.mod h1:JjO1ivfZv6vhK0uAXzyH08AAHlzNMAfnyK1Fiv9r4ZA=
github.com/bitcoinsv/bsvd v0.0.0-20190609155523-4c29707f7173 h1:2yTIV9u7H0BhRDGXH5xrAwAz7XibWJtX2dNezMeNsUo=
github.com/bitcoinsv/bsvd v0.0.0-20190609155523-4c29707f7173/go.mod h1:BZ1UcC9+tmcDEcdVXgpt13hMczwJxWzpAn68wNs7zRA=
github.com/boombuler/barcode v1.0.1-0.20190219062509-6c824513bacc/go.mod h1:paBWMcWSl3LHKBqUq+rly7CNSldXjb2rDl3JlRe0mD8=
github.com/boombuler/barcode v1.0.1 h1:NDBbPmhS+EqABEs5Kg3n/5ZNjy73Pz7SIV+KCeqyXcs=
github.com/boombuler/barcode v1.0.1/go.mod h1:paBWMcWSl3LHKBqUq+rly7CNSldXjb2rDl3JlRe0mD8=
github.com/davecgh/go-spew v1.1.0/go.mod h1:J7Y8YcW2NihsgmVo/mv3lAwl/skON4iLHjSsI+c5H38=
github.com/davecgh/go-spew v1.1.1 h1:vj9j/u1bqnvCEfJOwUhtlOARqs3+rkHYY13jYWTU97c=
github.com/davecgh/go-spew v1.1.1/go.mod h1:J7Y8YcW2NihsgmVo/mv3lAwl/skON4iLHjSsI+c5H38=
github.com/joho/godotenv v1.5.1 h1:7eLL/+HRGLY0ldzfGMeQkb7vMd0as4CfYvUVzLqw0N0=
github.com/joho/godotenv v1.5.1/go.mod h1:f4LDr5Voq0i2e/R5DDNOoa2zzDfwtkZa6DnEwAbqwq4=
github.com/libsv/go-bk v0.1.6 h1:c9CiT5+64HRDbzxPl1v/oiFmbvWZTuUYqywCf+MBs/c=
github.com/libsv/go-bk v0.1.6/go.mod h1:khJboDoH18FPUaZlzRFKzlVN84d4YfdmlDtdX4LAjQA=
github.com/libsv/go-bt/v2 v2.2.5 h1:VoggBLMRW9NYoFujqe5bSYKqnw5y+fYfufgERSoubog=
github.com/libsv/go-bt/v2 v2.2.5/go.mod h1:cV45+jDlPOLfhJLfpLmpQoWzrIvVth9Ao2ZO1f6CcqU=
github.com/pkg/errors v0.9.1 h1:FEBLx1zS214owpjy7qsBeixbURkuhQAwrK5UwLGTwt4=
github.com/pkg/errors v0.9.1/go.mod h1:bwawxfHBFNV+L2hUp1rHADufV3IMtnDRdf1r5NINEl0=
github.com/pmezard/go-difflib v1.0.0 h1:4DBwDE0NGyQoBHbLQYPwSUPoCMWR5BEzIk/f1lZbAQM=
github.com/pmezard/go-difflib v1.0.0/go.mod h1:iKH77koFhYxTK1pcRnkKkqfTogsbg7gZNVY4sRDYZ/4=
github.com/pquerna/otp v1.4.0 h1:wZvl1TIVxKRThZIBiwOOHOGP/1+nZyWBil9Y2XNEDzg=
github.com/pquerna/otp v1.4.0/go.mod h1:dkJfzwRKNiegxyNb54X/3fLwhCynbMspSyWKnvi1AEg=
github.com/stretchr/objx v0.1.0/go.mod h1:HFkY916IF+rwdDfMAkV7OtwuqBVzrE8GR6GFx+wExME=
github.com/stretchr/testify v1.3.0/go.mod h1:M5WIy9Dh21IEIfnGCwXGc5bZfKNJtfHm1UVUgZn+9EI=
github.com/stretchr/testify v1.9.0 h1:HtqpIVDClZ4nwg75+f6Lvsy/wHu+3BoSGCbBAcpTsTg=
github.com/stretchr/testify v1.9.0/go.mod h1:r2ic/lqez/lEtzL7wO/rwa5dbSLXVDPFyf8C91i36aY=
golang.org/x/crypto v0.24.0 h1:mnl8DM0o513X8fdIkmyFE/5hTYxbwYOjDS/+rK6qpRI=
golang.org/x/crypto v0.24.0/go.mod h1:Z1PMYSOR5nyMcyAVAIQSKCDwalqy85Aqn1x3Ws4L5DM=
gopkg.in/yaml.v3 v3.0.1 h1:fxVm/GzAzEWqLHuvctI91KS9hhNmmWOoWu0XTYJS7CA=
gopkg.in/yaml.v3 v3.0.1/go.mod h1:K4uyk7z7BCEPqu6E+C64Yfv1cQ7kz7rIZviUmN+EgEM=
